
Microsoft Visual Studio Solution File, Format Version 12.00
# Visual Studio Version 16
VisualStudioVersion = 16.0.31205.134
MinimumVisualStudioVersion = 10.0.40219.1
Project("{FAE04EC0-301F-11D3-BF4B-00C04F79EFBC}") = "APIGateway", "APIGateway.csproj", "{FDAD39FA-C709-4400-A885-EE714208D1DB}"
EndProject
Global
	GlobalSection(SolutionConfigurationPlatforms) = preSolution
		Debug|Any CPU = Debug|Any CPU
		Release|Any CPU = Release|Any CPU
	EndGlobalSection
	GlobalSection(ProjectConfigurationPlatforms) = postSolution
		{FDAD39FA-C709-4400-A885-EE714208D1DB}.Debug|Any CPU.ActiveCfg = Debug|Any CPU
		{FDAD39FA-C709-4400-A885-EE714208D1DB}.Debug|Any CPU.Build.0 = Debug|Any CPU
		{FDAD39FA-C709-4400-A885-EE714208D1DB}.Release|Any CPU.ActiveCfg = Release|Any CPU
		{FDAD39FA-C709-4400-A885-EE714208D1DB}.Release|Any CPU.Build.0 = Release|Any CPU
	EndGlobalSection
	GlobalSection(SolutionProperties) = preSolution
		HideSolutionNode = FALSE
	EndGlobalSection
	GlobalSection(ExtensibilityGlobals) = postSolution
		SolutionGuid = {75095D5C-C397-45B4-BD3F-E0F8B6D51C43}
	EndGlobalSection
EndGlobal
